{
  "name": "@jome/md-to-html",
  "version": "0.0.1",
  "lockfileVersion": 3,
  "requires": true,
  "packages": {
    "": {
      "name": "@jome/md-to-html",
      "version": "0.0.1",
      "license": "MIT",
      "dependencies": {
        "highlightjs-jome": "^0.0.3"
      }
    },
    "node_modules/highlight.js": {
      "version": "11.9.0",
      "resolved": "https://registry.npmjs.org/highlight.js/-/highlight.js-11.9.0.tgz",
      "integrity": "sha512-fJ7cW7fQGCYAkgv4CPfwFHrfd/cLS4Hau96JuJ+ZTOWhjnhoeN1ub1tFmALm/+lW5z4WCAuAV9bm05AP0mS6Gw==",
      "engines": {
        "node": ">=12.0.0"
      }
    },
    "node_modules/highlightjs-jome": {
      "version": "0.0.3",
      "resolved": "https://registry.npmjs.org/highlightjs-jome/-/highlightjs-jome-0.0.3.tgz",
      "integrity": "sha512-FdYXXdY2Ku6c5+74KC4gmGbxkhIKp3HtAU/VIVqvk1tKHxVi7PgWFYne2anrqO9u0QfnWlarGvhXvM+f48XdIQ==",
      "dependencies": {
        "highlight.js": "^11.9.0"
      }
    }
  }
}
