{
  "name": "jome",
  "lockfileVersion": 3,
  "requires": true,
  "packages": {
    "jome": {
      "name": "jome.js",
      "version": "0.0.6",
      "extraneous": true,
      "license": "MIT",
      "dependencies": {
        "@jome/core": "^0.0.3",
        "@prettier/sync": "^0.5.0",
        "first-mate": "^7.4.3",
        "glob": "^10.3.10",
        "minimist": "^1.2.8",
        "prettier": "^3.2.4"
      },
      "bin": {
        "jome": "src/jome-cli.js",
        "jomec": "src/jomec-cli.js"
      },
      "devDependencies": {
        "minispec": "^1.1.4"
      }
    }
  }
}
