{
  "name": "jome",
  "lockfileVersion": 3,
  "requires": true,
  "packages": {
    "": {
      "dependencies": {
        "prosemirror-example-setup": "^1.2.2",
        "prosemirror-model": "^1.22.3",
        "prosemirror-schema-basic": "^1.2.3",
        "prosemirror-schema-list": "^1.4.1",
        "prosemirror-state": "^1.4.3",
        "prosemirror-view": "^1.33.9"
      }
    },
    "jome": {
      "name": "jome.js",
      "version": "0.0.6",
      "extraneous": true,
      "license": "MIT",
      "dependencies": {
        "@jome/core": "^0.0.3",
        "@prettier/sync": "^0.5.0",
        "first-mate": "^7.4.3",
        "glob": "^10.3.10",
        "minimist": "^1.2.8",
        "prettier": "^3.2.4"
      },
      "bin": {
        "jome": "src/jome-cli.js",
        "jomec": "src/jomec-cli.js"
      },
      "devDependencies": {
        "minispec": "^1.1.4"
      }
    },
    "node_modules/crelt": {
      "version": "1.0.6",
      "resolved": "https://registry.npmjs.org/crelt/-/crelt-1.0.6.tgz",
      "integrity": "sha512-VQ2MBenTq1fWZUH9DJNGti7kKv6EeAuYr3cLwxUWhIu1baTaXh4Ib5W2CqHVqib4/MqbYGJqiL3Zb8GJZr3l4g=="
    },
    "node_modules/orderedmap": {
      "version": "2.1.1",
      "resolved": "https://registry.npmjs.org/orderedmap/-/orderedmap-2.1.1.tgz",
      "integrity": "sha512-TvAWxi0nDe1j/rtMcWcIj94+Ffe6n7zhow33h40SKxmsmozs6dz/e+EajymfoFcHd7sxNn8yHM8839uixMOV6g=="
    },
    "node_modules/prosemirror-commands": {
      "version": "1.6.0",
      "resolved": "https://registry.npmjs.org/prosemirror-commands/-/prosemirror-commands-1.6.0.tgz",
      "integrity": "sha512-xn1U/g36OqXn2tn5nGmvnnimAj/g1pUx2ypJJIe8WkVX83WyJVC5LTARaxZa2AtQRwntu9Jc5zXs9gL9svp/mg==",
      "dependencies": {
        "prosemirror-model": "^1.0.0",
        "prosemirror-state": "^1.0.0",
        "prosemirror-transform": "^1.0.0"
      }
    },
    "node_modules/prosemirror-dropcursor": {
      "version": "1.8.1",
      "resolved": "https://registry.npmjs.org/prosemirror-dropcursor/-/prosemirror-dropcursor-1.8.1.tgz",
      "integrity": "sha512-M30WJdJZLyXHi3N8vxN6Zh5O8ZBbQCz0gURTfPmTIBNQ5pxrdU7A58QkNqfa98YEjSAL1HUyyU34f6Pm5xBSGw==",
      "dependencies": {
        "prosemirror-state": "^1.0.0",
        "prosemirror-transform": "^1.1.0",
        "prosemirror-view": "^1.1.0"
      }
    },
    "node_modules/prosemirror-example-setup": {
      "version": "1.2.2",
      "resolved": "https://registry.npmjs.org/prosemirror-example-setup/-/prosemirror-example-setup-1.2.2.tgz",
      "integrity": "sha512-pHJc656IgYm249RNp0eQaWNmnyWGk6OrzysWfYI4+NwE14HQ7YNYOlRBLErUS6uCAHIYJLNXf0/XCmf1OCtNbQ==",
      "dependencies": {
        "prosemirror-commands": "^1.0.0",
        "prosemirror-dropcursor": "^1.0.0",
        "prosemirror-gapcursor": "^1.0.0",
        "prosemirror-history": "^1.0.0",
        "prosemirror-inputrules": "^1.0.0",
        "prosemirror-keymap": "^1.0.0",
        "prosemirror-menu": "^1.0.0",
        "prosemirror-schema-list": "^1.0.0",
        "prosemirror-state": "^1.0.0"
      }
    },
    "node_modules/prosemirror-gapcursor": {
      "version": "1.3.2",
      "resolved": "https://registry.npmjs.org/prosemirror-gapcursor/-/prosemirror-gapcursor-1.3.2.tgz",
      "integrity": "sha512-wtjswVBd2vaQRrnYZaBCbyDqr232Ed4p2QPtRIUK5FuqHYKGWkEwl08oQM4Tw7DOR0FsasARV5uJFvMZWxdNxQ==",
      "dependencies": {
        "prosemirror-keymap": "^1.0.0",
        "prosemirror-model": "^1.0.0",
        "prosemirror-state": "^1.0.0",
        "prosemirror-view": "^1.0.0"
      }
    },
    "node_modules/prosemirror-history": {
      "version": "1.4.1",
      "resolved": "https://registry.npmjs.org/prosemirror-history/-/prosemirror-history-1.4.1.tgz",
      "integrity": "sha512-2JZD8z2JviJrboD9cPuX/Sv/1ChFng+xh2tChQ2X4bB2HeK+rra/bmJ3xGntCcjhOqIzSDG6Id7e8RJ9QPXLEQ==",
      "dependencies": {
        "prosemirror-state": "^1.2.2",
        "prosemirror-transform": "^1.0.0",
        "prosemirror-view": "^1.31.0",
        "rope-sequence": "^1.3.0"
      }
    },
    "node_modules/prosemirror-inputrules": {
      "version": "1.4.0",
      "resolved": "https://registry.npmjs.org/prosemirror-inputrules/-/prosemirror-inputrules-1.4.0.tgz",
      "integrity": "sha512-6ygpPRuTJ2lcOXs9JkefieMst63wVJBgHZGl5QOytN7oSZs3Co/BYbc3Yx9zm9H37Bxw8kVzCnDsihsVsL4yEg==",
      "dependencies": {
        "prosemirror-state": "^1.0.0",
        "prosemirror-transform": "^1.0.0"
      }
    },
    "node_modules/prosemirror-keymap": {
      "version": "1.2.2",
      "resolved": "https://registry.npmjs.org/prosemirror-keymap/-/prosemirror-keymap-1.2.2.tgz",
      "integrity": "sha512-EAlXoksqC6Vbocqc0GtzCruZEzYgrn+iiGnNjsJsH4mrnIGex4qbLdWWNza3AW5W36ZRrlBID0eM6bdKH4OStQ==",
      "dependencies": {
        "prosemirror-state": "^1.0.0",
        "w3c-keyname": "^2.2.0"
      }
    },
    "node_modules/prosemirror-menu": {
      "version": "1.2.4",
      "resolved": "https://registry.npmjs.org/prosemirror-menu/-/prosemirror-menu-1.2.4.tgz",
      "integrity": "sha512-S/bXlc0ODQup6aiBbWVsX/eM+xJgCTAfMq/nLqaO5ID/am4wS0tTCIkzwytmao7ypEtjj39i7YbJjAgO20mIqA==",
      "dependencies": {
        "crelt": "^1.0.0",
        "prosemirror-commands": "^1.0.0",
        "prosemirror-history": "^1.0.0",
        "prosemirror-state": "^1.0.0"
      }
    },
    "node_modules/prosemirror-model": {
      "version": "1.22.3",
      "resolved": "https://registry.npmjs.org/prosemirror-model/-/prosemirror-model-1.22.3.tgz",
      "integrity": "sha512-V4XCysitErI+i0rKFILGt/xClnFJaohe/wrrlT2NSZ+zk8ggQfDH4x2wNK7Gm0Hp4CIoWizvXFP7L9KMaCuI0Q==",
      "dependencies": {
        "orderedmap": "^2.0.0"
      }
    },
    "node_modules/prosemirror-schema-basic": {
      "version": "1.2.3",
      "resolved": "https://registry.npmjs.org/prosemirror-schema-basic/-/prosemirror-schema-basic-1.2.3.tgz",
      "integrity": "sha512-h+H0OQwZVqMon1PNn0AG9cTfx513zgIG2DY00eJ00Yvgb3UD+GQ/VlWW5rcaxacpCGT1Yx8nuhwXk4+QbXUfJA==",
      "dependencies": {
        "prosemirror-model": "^1.19.0"
      }
    },
    "node_modules/prosemirror-schema-list": {
      "version": "1.4.1",
      "resolved": "https://registry.npmjs.org/prosemirror-schema-list/-/prosemirror-schema-list-1.4.1.tgz",
      "integrity": "sha512-jbDyaP/6AFfDfu70VzySsD75Om2t3sXTOdl5+31Wlxlg62td1haUpty/ybajSfJ1pkGadlOfwQq9kgW5IMo1Rg==",
      "dependencies": {
        "prosemirror-model": "^1.0.0",
        "prosemirror-state": "^1.0.0",
        "prosemirror-transform": "^1.7.3"
      }
    },
    "node_modules/prosemirror-state": {
      "version": "1.4.3",
      "resolved": "https://registry.npmjs.org/prosemirror-state/-/prosemirror-state-1.4.3.tgz",
      "integrity": "sha512-goFKORVbvPuAQaXhpbemJFRKJ2aixr+AZMGiquiqKxaucC6hlpHNZHWgz5R7dS4roHiwq9vDctE//CZ++o0W1Q==",
      "dependencies": {
        "prosemirror-model": "^1.0.0",
        "prosemirror-transform": "^1.0.0",
        "prosemirror-view": "^1.27.0"
      }
    },
    "node_modules/prosemirror-transform": {
      "version": "1.9.0",
      "resolved": "https://registry.npmjs.org/prosemirror-transform/-/prosemirror-transform-1.9.0.tgz",
      "integrity": "sha512-5UXkr1LIRx3jmpXXNKDhv8OyAOeLTGuXNwdVfg8x27uASna/wQkr9p6fD3eupGOi4PLJfbezxTyi/7fSJypXHg==",
      "dependencies": {
        "prosemirror-model": "^1.21.0"
      }
    },
    "node_modules/prosemirror-view": {
      "version": "1.33.9",
      "resolved": "https://registry.npmjs.org/prosemirror-view/-/prosemirror-view-1.33.9.tgz",
      "integrity": "sha512-xV1A0Vz9cIcEnwmMhKKFAOkfIp8XmJRnaZoPqNXrPS7EK5n11Ov8V76KhR0RsfQd/SIzmWY+bg+M44A2Lx/Nnw==",
      "dependencies": {
        "prosemirror-model": "^1.20.0",
        "prosemirror-state": "^1.0.0",
        "prosemirror-transform": "^1.1.0"
      }
    },
    "node_modules/rope-sequence": {
      "version": "1.3.4",
      "resolved": "https://registry.npmjs.org/rope-sequence/-/rope-sequence-1.3.4.tgz",
      "integrity": "sha512-UT5EDe2cu2E/6O4igUr5PSFs23nvvukicWHx6GnOPlHAiiYbzNuCRQCuiUdHJQcqKalLKlrYJnjY0ySGsXNQXQ=="
    },
    "node_modules/w3c-keyname": {
      "version": "2.2.8",
      "resolved": "https://registry.npmjs.org/w3c-keyname/-/w3c-keyname-2.2.8.tgz",
      "integrity": "sha512-dpojBhNsCNN7T82Tm7k26A6G9ML3NkhDsnw9n/eoxSRlVBB4CEtIQ/KTCLI2Fwf3ataSXRhYFkQi3SlnFwPvPQ=="
    }
  }
}
